
Microsoft Visual Studio Solution File, Format Version 12.00
# Visual Studio Version 17
VisualStudioVersion = 17.7.34031.279
MinimumVisualStudioVersion = 10.0.40219.1
Project("{FAE04EC0-301F-11D3-BF4B-00C04F79EFBC}") = "Twitter.API", "Twitter.API\Twitter.API.csproj", "{6B0BE234-DDB0-4D65-A7D8-998B9E26986D}"
EndProject
Project("{FAE04EC0-301F-11D3-BF4B-00C04F79EFBC}") = "Twitter.Core", "Twitter.Core\Twitter.Core.csproj", "{9BC75982-2B19-432C-9D58-9C1CBA2E87DB}"
EndProject
Project("{FAE04EC0-301F-11D3-BF4B-00C04F79EFBC}") = "Twitter.DAL", "Twitter.DAL\Twitter.DAL.csproj", "{BB2CDB04-C821-4CEB-B05E-2E3B3F0F64A6}"
EndProject
Project("{FAE04EC0-301F-11D3-BF4B-00C04F79EFBC}") = "Twitter.Business", "Twitter.Business\Twitter.Business.csproj", "{1386AD98-2D2B-4C08-9F2E-D1A847E18366}"
EndProject
Global
	GlobalSection(SolutionConfigurationPlatforms) = preSolution
		Debug|Any CPU = Debug|Any CPU
		Release|Any CPU = Release|Any CPU
	EndGlobalSection
	GlobalSection(ProjectConfigurationPlatforms) = postSolution
		{6B0BE234-DDB0-4D65-A7D8-998B9E26986D}.Debug|Any CPU.ActiveCfg = Debug|Any CPU
		{6B0BE234-DDB0-4D65-A7D8-998B9E26986D}.Debug|Any CPU.Build.0 = Debug|Any CPU
		{6B0BE234-DDB0-4D65-A7D8-998B9E26986D}.Release|Any CPU.ActiveCfg = Release|Any CPU
		{6B0BE234-DDB0-4D65-A7D8-998B9E26986D}.Release|Any CPU.Build.0 = Release|Any CPU
		{9BC75982-2B19-432C-9D58-9C1CBA2E87DB}.Debug|Any CPU.ActiveCfg = Debug|Any CPU
		{9BC75982-2B19-432C-9D58-9C1CBA2E87DB}.Debug|Any CPU.Build.0 = Debug|Any CPU
		{9BC75982-2B19-432C-9D58-9C1CBA2E87DB}.Release|Any CPU.ActiveCfg = Release|Any CPU
		{9BC75982-2B19-432C-9D58-9C1CBA2E87DB}.Release|Any CPU.Build.0 = Release|Any CPU
		{BB2CDB04-C821-4CEB-B05E-2E3B3F0F64A6}.Debug|Any CPU.ActiveCfg = Debug|Any CPU
		{BB2CDB04-C821-4CEB-B05E-2E3B3F0F64A6}.Debug|Any CPU.Build.0 = Debug|Any CPU
		{BB2CDB04-C821-4CEB-B05E-2E3B3F0F64A6}.Release|Any CPU.ActiveCfg = Release|Any CPU
		{BB2CDB04-C821-4CEB-B05E-2E3B3F0F64A6}.Release|Any CPU.Build.0 = Release|Any CPU
		{1386AD98-2D2B-4C08-9F2E-D1A847E18366}.Debug|Any CPU.ActiveCfg = Debug|Any CPU
		{1386AD98-2D2B-4C08-9F2E-D1A847E18366}.Debug|Any CPU.Build.0 = Debug|Any CPU
		{1386AD98-2D2B-4C08-9F2E-D1A847E18366}.Release|Any CPU.ActiveCfg = Release|Any CPU
		{1386AD98-2D2B-4C08-9F2E-D1A847E18366}.Release|Any CPU.Build.0 = Release|Any CPU
	EndGlobalSection
	GlobalSection(SolutionProperties) = preSolution
		HideSolutionNode = FALSE
	EndGlobalSection
	GlobalSection(ExtensibilityGlobals) = postSolution
		SolutionGuid = {1B54661D-0500-4640-8ABA-8BD56B88F2FA}
	EndGlobalSection
EndGlobal
